
Microsoft Visual Studio Solution File, Format Version 12.00
# Visual Studio 14
VisualStudioVersion = 14.0.23107.0
MinimumVisualStudioVersion = 10.0.40219.1
Project("{FAE04EC0-301F-11D3-BF4B-00C04F79EFBC}") = "ExpenseManager.Entity", "ExpenseManager.Entity\ExpenseManager.Entity.csproj", "{73A4FAB0-96F1-4DC9-92A8-2CC73B4EF776}"
EndProject
Project("{FAE04EC0-301F-11D3-BF4B-00C04F79EFBC}") = "ExpenseManager.BusinessLogic", "ExpenseManager.BusinessLogic\ExpenseManager.BusinessLogic.csproj", "{8047C791-C961-4624-9E5E-E8C13901BD28}"
EndProject
Project("{FAE04EC0-301F-11D3-BF4B-00C04F79EFBC}") = "ExpenseManager.Web", "ExpenseManager.Web\ExpenseManager.Web.csproj", "{82013B01-CD1C-4A54-96D5-EEA35A6CF424}"
EndProject
Project("{FAE04EC0-301F-11D3-BF4B-00C04F79EFBC}") = "ExpenseManager.BusinessLogic.Test", "ExpenseManager.BusinessLogic.Test\ExpenseManager.BusinessLogic.Test.csproj", "{3DA56145-C7A5-404B-8A3B-4E572F752F11}"
Project("{FAE04EC0-301F-11D3-BF4B-00C04F79EFBC}") = "ExpenseManager.Database", "ExpenseManager.Database\ExpenseManager.Database.csproj", "{472955CB-2479-4304-BC65-A0A375D44B2D}"
EndProject
Global
	GlobalSection(SolutionConfigurationPlatforms) = preSolution
		Debug|Any CPU = Debug|Any CPU
		Release|Any CPU = Release|Any CPU
	EndGlobalSection
	GlobalSection(ProjectConfigurationPlatforms) = postSolution
		{73A4FAB0-96F1-4DC9-92A8-2CC73B4EF776}.Debug|Any CPU.ActiveCfg = Debug|Any CPU
		{73A4FAB0-96F1-4DC9-92A8-2CC73B4EF776}.Debug|Any CPU.Build.0 = Debug|Any CPU
		{73A4FAB0-96F1-4DC9-92A8-2CC73B4EF776}.Release|Any CPU.ActiveCfg = Release|Any CPU
		{73A4FAB0-96F1-4DC9-92A8-2CC73B4EF776}.Release|Any CPU.Build.0 = Release|Any CPU
		{8047C791-C961-4624-9E5E-E8C13901BD28}.Debug|Any CPU.ActiveCfg = Debug|Any CPU
		{8047C791-C961-4624-9E5E-E8C13901BD28}.Debug|Any CPU.Build.0 = Debug|Any CPU
		{8047C791-C961-4624-9E5E-E8C13901BD28}.Release|Any CPU.ActiveCfg = Release|Any CPU
		{8047C791-C961-4624-9E5E-E8C13901BD28}.Release|Any CPU.Build.0 = Release|Any CPU
		{82013B01-CD1C-4A54-96D5-EEA35A6CF424}.Debug|Any CPU.ActiveCfg = Debug|Any CPU
		{82013B01-CD1C-4A54-96D5-EEA35A6CF424}.Debug|Any CPU.Build.0 = Debug|Any CPU
		{82013B01-CD1C-4A54-96D5-EEA35A6CF424}.Release|Any CPU.ActiveCfg = Release|Any CPU
		{82013B01-CD1C-4A54-96D5-EEA35A6CF424}.Release|Any CPU.Build.0 = Release|Any CPU
		{3DA56145-C7A5-404B-8A3B-4E572F752F11}.Debug|Any CPU.ActiveCfg = Debug|Any CPU
		{3DA56145-C7A5-404B-8A3B-4E572F752F11}.Debug|Any CPU.Build.0 = Debug|Any CPU
		{3DA56145-C7A5-404B-8A3B-4E572F752F11}.Release|Any CPU.ActiveCfg = Release|Any CPU
		{3DA56145-C7A5-404B-8A3B-4E572F752F11}.Release|Any CPU.Build.0 = Release|Any CPU
		{472955CB-2479-4304-BC65-A0A375D44B2D}.Debug|Any CPU.ActiveCfg = Debug|Any CPU
		{472955CB-2479-4304-BC65-A0A375D44B2D}.Debug|Any CPU.Build.0 = Debug|Any CPU
		{472955CB-2479-4304-BC65-A0A375D44B2D}.Release|Any CPU.ActiveCfg = Release|Any CPU
		{472955CB-2479-4304-BC65-A0A375D44B2D}.Release|Any CPU.Build.0 = Release|Any CPU
	EndGlobalSection
	GlobalSection(SolutionProperties) = preSolution
		HideSolutionNode = FALSE
	EndGlobalSection
EndGlobal
